
Microsoft Visual Studio Solution File, Format Version 12.00
# Visual Studio 15
VisualStudioVersion = 15.0.27130.2010
MinimumVisualStudioVersion = 10.0.40219.1
Project("{FAE04EC0-301F-11D3-BF4B-00C04F79EFBC}") = "ListBoxContextMenus", "ListBoxContextMenus\ListBoxContextMenus.csproj", "{A67BF656-E554-44F2-AB59-40FFADCA1FE3}"
EndProject
Global
	GlobalSection(SolutionConfigurationPlatforms) = preSolution
		Debug|Any CPU = Debug|Any CPU
		Release|Any CPU = Release|Any CPU
	EndGlobalSection
	GlobalSection(ProjectConfigurationPlatforms) = postSolution
		{A67BF656-E554-44F2-AB59-40FFADCA1FE3}.Debug|Any CPU.ActiveCfg = Debug|Any CPU
		{A67BF656-E554-44F2-AB59-40FFADCA1FE3}.Debug|Any CPU.Build.0 = Debug|Any CPU
		{A67BF656-E554-44F2-AB59-40FFADCA1FE3}.Release|Any CPU.ActiveCfg = Release|Any CPU
		{A67BF656-E554-44F2-AB59-40FFADCA1FE3}.Release|Any CPU.Build.0 = Release|Any CPU
	EndGlobalSection
	GlobalSection(SolutionProperties) = preSolution
		HideSolutionNode = FALSE
	EndGlobalSection
	GlobalSection(ExtensibilityGlobals) = postSolution
		SolutionGuid = {900FFDE7-AFE9-47C2-8035-55951DA25AA6}
	EndGlobalSection
EndGlobal
